
Microsoft Visual Studio Solution File, Format Version 12.00
# Visual Studio 15
VisualStudioVersion = 15.0.27130.2010
MinimumVisualStudioVersion = 10.0.40219.1
Project("{9A19103F-16F7-4668-BE54-9A1E7A4F7556}") = "Snai.ReadSettings", "Snai.ReadSettings\Snai.ReadSettings.csproj", "{203EA02F-996D-48C7-8B19-755819C325AD}"
EndProject
Project("{9A19103F-16F7-4668-BE54-9A1E7A4F7556}") = "Snai.Razor", "Snai.Razor\Snai.Razor.csproj", "{CD3E9FB9-3A99-4DF6-A425-4030534D6C51}"
EndProject
Project("{9A19103F-16F7-4668-BE54-9A1E7A4F7556}") = "Snai.Mysql", "Snai.Mysql\Snai.Mysql.csproj", "{C1687105-E4D6-45EC-A0CC-1B5694D8E903}"
EndProject
Project("{9A19103F-16F7-4668-BE54-9A1E7A4F7556}") = "Snai.Common", "Snai.Common\Snai.Common.csproj", "{CA20DD25-1F6D-4C43-9E45-6C0A9D8A8D37}"
EndProject
Project("{9A19103F-16F7-4668-BE54-9A1E7A4F7556}") = "Snai.SimpleCookie", "Snai.SimpleCookie\Snai.SimpleCookie.csproj", "{3EBF7C7A-8C57-45A3-B744-9DB23AE87329}"
EndProject
Project("{FAE04EC0-301F-11D3-BF4B-00C04F79EFBC}") = "Snai.ValidateCode", "Snai.ValidateCode\Snai.ValidateCode.csproj", "{69D909AC-358F-4519-B8B2-7EDCFB732645}"
EndProject
Global
	GlobalSection(SolutionConfigurationPlatforms) = preSolution
		Debug|Any CPU = Debug|Any CPU
		Release|Any CPU = Release|Any CPU
	EndGlobalSection
	GlobalSection(ProjectConfigurationPlatforms) = postSolution
		{203EA02F-996D-48C7-8B19-755819C325AD}.Debug|Any CPU.ActiveCfg = Debug|Any CPU
		{203EA02F-996D-48C7-8B19-755819C325AD}.Debug|Any CPU.Build.0 = Debug|Any CPU
		{203EA02F-996D-48C7-8B19-755819C325AD}.Release|Any CPU.ActiveCfg = Release|Any CPU
		{203EA02F-996D-48C7-8B19-755819C325AD}.Release|Any CPU.Build.0 = Release|Any CPU
		{CD3E9FB9-3A99-4DF6-A425-4030534D6C51}.Debug|Any CPU.ActiveCfg = Debug|Any CPU
		{CD3E9FB9-3A99-4DF6-A425-4030534D6C51}.Debug|Any CPU.Build.0 = Debug|Any CPU
		{CD3E9FB9-3A99-4DF6-A425-4030534D6C51}.Release|Any CPU.ActiveCfg = Release|Any CPU
		{CD3E9FB9-3A99-4DF6-A425-4030534D6C51}.Release|Any CPU.Build.0 = Release|Any CPU
		{C1687105-E4D6-45EC-A0CC-1B5694D8E903}.Debug|Any CPU.ActiveCfg = Debug|Any CPU
		{C1687105-E4D6-45EC-A0CC-1B5694D8E903}.Debug|Any CPU.Build.0 = Debug|Any CPU
		{C1687105-E4D6-45EC-A0CC-1B5694D8E903}.Release|Any CPU.ActiveCfg = Release|Any CPU
		{C1687105-E4D6-45EC-A0CC-1B5694D8E903}.Release|Any CPU.Build.0 = Release|Any CPU
		{CA20DD25-1F6D-4C43-9E45-6C0A9D8A8D37}.Debug|Any CPU.ActiveCfg = Debug|Any CPU
		{CA20DD25-1F6D-4C43-9E45-6C0A9D8A8D37}.Debug|Any CPU.Build.0 = Debug|Any CPU
		{CA20DD25-1F6D-4C43-9E45-6C0A9D8A8D37}.Release|Any CPU.ActiveCfg = Release|Any CPU
		{CA20DD25-1F6D-4C43-9E45-6C0A9D8A8D37}.Release|Any CPU.Build.0 = Release|Any CPU
		{3EBF7C7A-8C57-45A3-B744-9DB23AE87329}.Debug|Any CPU.ActiveCfg = Debug|Any CPU
		{3EBF7C7A-8C57-45A3-B744-9DB23AE87329}.Debug|Any CPU.Build.0 = Debug|Any CPU
		{3EBF7C7A-8C57-45A3-B744-9DB23AE87329}.Release|Any CPU.ActiveCfg = Release|Any CPU
		{3EBF7C7A-8C57-45A3-B744-9DB23AE87329}.Release|Any CPU.Build.0 = Release|Any CPU
		{69D909AC-358F-4519-B8B2-7EDCFB732645}.Debug|Any CPU.ActiveCfg = Debug|Any CPU
		{69D909AC-358F-4519-B8B2-7EDCFB732645}.Debug|Any CPU.Build.0 = Debug|Any CPU
		{69D909AC-358F-4519-B8B2-7EDCFB732645}.Release|Any CPU.ActiveCfg = Release|Any CPU
		{69D909AC-358F-4519-B8B2-7EDCFB732645}.Release|Any CPU.Build.0 = Release|Any CPU
	EndGlobalSection
	GlobalSection(SolutionProperties) = preSolution
		HideSolutionNode = FALSE
	EndGlobalSection
	GlobalSection(ExtensibilityGlobals) = postSolution
		SolutionGuid = {DAB71B08-611B-4585-9B86-2F09F44A22F9}
	EndGlobalSection
EndGlobal
